
Microsoft Visual Studio Solution File, Format Version 12.00
# Visual Studio Version 17
VisualStudioVersion = 17.2.32616.157
MinimumVisualStudioVersion = 10.0.40219.1
Project("{9A19103F-16F7-4668-BE54-9A1E7A4F7556}") = "TechCareerBootcamp", "TechCareerBootCamp\TechCareerBootcamp.csproj", "{F8B23539-1F6F-4191-8FCF-C9552B11EA71}"
EndProject
Project("{9A19103F-16F7-4668-BE54-9A1E7A4F7556}") = "Task2", "Task2\Task2.csproj", "{63F8E4DE-A77B-442D-8B29-21E68101E86E}"
EndProject
Project("{9A19103F-16F7-4668-BE54-9A1E7A4F7556}") = "Task3", "Task3\Task3.csproj", "{52C36E3C-09DB-493B-AD48-1DF401032BD0}"
EndProject
Project("{FAE04EC0-301F-11D3-BF4B-00C04F79EFBC}") = "Task4", "Task4\Task4.csproj", "{087B5485-A1F3-4CF1-87BF-E4BBB587EF3D}"
EndProject
Global
	GlobalSection(SolutionConfigurationPlatforms) = preSolution
		Debug|Any CPU = Debug|Any CPU
		Release|Any CPU = Release|Any CPU
	EndGlobalSection
	GlobalSection(ProjectConfigurationPlatforms) = postSolution
		{F8B23539-1F6F-4191-8FCF-C9552B11EA71}.Debug|Any CPU.ActiveCfg = Debug|Any CPU
		{F8B23539-1F6F-4191-8FCF-C9552B11EA71}.Debug|Any CPU.Build.0 = Debug|Any CPU
		{F8B23539-1F6F-4191-8FCF-C9552B11EA71}.Release|Any CPU.ActiveCfg = Release|Any CPU
		{F8B23539-1F6F-4191-8FCF-C9552B11EA71}.Release|Any CPU.Build.0 = Release|Any CPU
		{63F8E4DE-A77B-442D-8B29-21E68101E86E}.Debug|Any CPU.ActiveCfg = Debug|Any CPU
		{63F8E4DE-A77B-442D-8B29-21E68101E86E}.Debug|Any CPU.Build.0 = Debug|Any CPU
		{63F8E4DE-A77B-442D-8B29-21E68101E86E}.Release|Any CPU.ActiveCfg = Release|Any CPU
		{63F8E4DE-A77B-442D-8B29-21E68101E86E}.Release|Any CPU.Build.0 = Release|Any CPU
		{52C36E3C-09DB-493B-AD48-1DF401032BD0}.Debug|Any CPU.ActiveCfg = Debug|Any CPU
		{52C36E3C-09DB-493B-AD48-1DF401032BD0}.Debug|Any CPU.Build.0 = Debug|Any CPU
		{52C36E3C-09DB-493B-AD48-1DF401032BD0}.Release|Any CPU.ActiveCfg = Release|Any CPU
		{52C36E3C-09DB-493B-AD48-1DF401032BD0}.Release|Any CPU.Build.0 = Release|Any CPU
		{087B5485-A1F3-4CF1-87BF-E4BBB587EF3D}.Debug|Any CPU.ActiveCfg = Debug|Any CPU
		{087B5485-A1F3-4CF1-87BF-E4BBB587EF3D}.Debug|Any CPU.Build.0 = Debug|Any CPU
		{087B5485-A1F3-4CF1-87BF-E4BBB587EF3D}.Release|Any CPU.ActiveCfg = Release|Any CPU
		{087B5485-A1F3-4CF1-87BF-E4BBB587EF3D}.Release|Any CPU.Build.0 = Release|Any CPU
	EndGlobalSection
	GlobalSection(SolutionProperties) = preSolution
		HideSolutionNode = FALSE
	EndGlobalSection
	GlobalSection(ExtensibilityGlobals) = postSolution
		SolutionGuid = {94279CA6-290A-4A7D-BD26-5403FA728A89}
	EndGlobalSection
EndGlobal
